
Microsoft Visual Studio Solution File, Format Version 12.00
# Visual Studio Version 16
VisualStudioVersion = 16.0.31424.327
MinimumVisualStudioVersion = 10.0.40219.1
Project("{9A19103F-16F7-4668-BE54-9A1E7A4F7556}") = "yu-gi-oh", "yu-gi-oh\yu-gi-oh.csproj", "{83A2683F-2D67-4F92-B151-2F325882A852}"
EndProject
Project("{9A19103F-16F7-4668-BE54-9A1E7A4F7556}") = "Middleware", "ClassLibrary1\Middleware.csproj", "{80FE831C-C51B-4EF1-982A-D436DF02BFE5}"
EndProject
Project("{54435603-DBB4-11D2-8724-00A0C9A8B90C}") = "YuGiOh_Setup", "YuGiOh_Setup\YuGiOh_Setup.vdproj", "{318A7CA6-F65B-4425-8A52-8170307449AC}"
EndProject
Global
	GlobalSection(SolutionConfigurationPlatforms) = preSolution
		Debug|Any CPU = Debug|Any CPU
		Release|Any CPU = Release|Any CPU
	EndGlobalSection
	GlobalSection(ProjectConfigurationPlatforms) = postSolution
		{83A2683F-2D67-4F92-B151-2F325882A852}.Debug|Any CPU.ActiveCfg = Debug|Any CPU
		{83A2683F-2D67-4F92-B151-2F325882A852}.Debug|Any CPU.Build.0 = Debug|Any CPU
		{83A2683F-2D67-4F92-B151-2F325882A852}.Release|Any CPU.ActiveCfg = Release|Any CPU
		{83A2683F-2D67-4F92-B151-2F325882A852}.Release|Any CPU.Build.0 = Release|Any CPU
		{80FE831C-C51B-4EF1-982A-D436DF02BFE5}.Debug|Any CPU.ActiveCfg = Debug|Any CPU
		{80FE831C-C51B-4EF1-982A-D436DF02BFE5}.Debug|Any CPU.Build.0 = Debug|Any CPU
		{80FE831C-C51B-4EF1-982A-D436DF02BFE5}.Release|Any CPU.ActiveCfg = Release|Any CPU
		{80FE831C-C51B-4EF1-982A-D436DF02BFE5}.Release|Any CPU.Build.0 = Release|Any CPU
		{318A7CA6-F65B-4425-8A52-8170307449AC}.Debug|Any CPU.ActiveCfg = Debug
		{318A7CA6-F65B-4425-8A52-8170307449AC}.Release|Any CPU.ActiveCfg = Release
	EndGlobalSection
	GlobalSection(SolutionProperties) = preSolution
		HideSolutionNode = FALSE
	EndGlobalSection
	GlobalSection(ExtensibilityGlobals) = postSolution
		SolutionGuid = {7A3BF840-39C6-4E8E-8E19-0CA72404C6D4}
	EndGlobalSection
EndGlobal
